
Microsoft Visual Studio Solution File, Format Version 12.00
# Visual Studio Version 17
VisualStudioVersion = 17.13.35931.197 d17.13
MinimumVisualStudioVersion = 10.0.40219.1
Project("{FAE04EC0-301F-11D3-BF4B-00C04F79EFBC}") = "Lession10", "Lession10.csproj", "{F5567E6F-AAED-4CF0-AFC1-7E5B9021E192}"
EndProject
Global
	GlobalSection(SolutionConfigurationPlatforms) = preSolution
		Debug|Any CPU = Debug|Any CPU
		Release|Any CPU = Release|Any CPU
	EndGlobalSection
	GlobalSection(ProjectConfigurationPlatforms) = postSolution
		{F5567E6F-AAED-4CF0-AFC1-7E5B9021E192}.Debug|Any CPU.ActiveCfg = Debug|Any CPU
		{F5567E6F-AAED-4CF0-AFC1-7E5B9021E192}.Debug|Any CPU.Build.0 = Debug|Any CPU
		{F5567E6F-AAED-4CF0-AFC1-7E5B9021E192}.Release|Any CPU.ActiveCfg = Release|Any CPU
		{F5567E6F-AAED-4CF0-AFC1-7E5B9021E192}.Release|Any CPU.Build.0 = Release|Any CPU
	EndGlobalSection
	GlobalSection(SolutionProperties) = preSolution
		HideSolutionNode = FALSE
	EndGlobalSection
	GlobalSection(ExtensibilityGlobals) = postSolution
		SolutionGuid = {28F28F93-D735-4F3C-AB7D-3F56AAB2E91C}
	EndGlobalSection
EndGlobal
